// !$*UTF8*$!
{
	archiveVersion = 1;
	classes = {
	};
	objectVersion = 50;
	objects = {

/* Begin PBXBuildFile section */
		223F2F4D213D8B0300C4973D /* AppDelegate.m in Sources */ = {isa = PBXBuildFile; fileRef = 223F2F4C213D8B0300C4973D /* AppDelegate.m */; };
		223F2F50213D8B0300C4973D /* ViewController.m in Sources */ = {isa = PBXBuildFile; fileRef = 223F2F4F213D8B0300C4973D /* ViewController.m */; };
		223F2F53213D8B0300C4973D /* Main.storyboard in Resources */ = {isa = PBXBuildFile; fileRef = 223F2F51213D8B0300C4973D /* Main.storyboard */; };
		223F2F55213D8B0600C4973D /* Assets.xcassets in Resources */ = {isa = PBXBuildFile; fileRef = 223F2F54213D8B0600C4973D /* Assets.xcassets */; };
		223F2F58213D8B0600C4973D /* LaunchScreen.storyboard in Resources */ = {isa = PBXBuildFile; fileRef = 223F2F56213D8B0600C4973D /* LaunchScreen.storyboard */; };
		223F2F5B213D8B0600C4973D /* main.m in Sources */ = {isa = PBXBuildFile; fileRef = 223F2F5A213D8B0600C4973D /* main.m */; };
/* End PBXBuildFile section */

/* Begin PBXFileReference section */
		223F2F48213D8B0300C4973D /* WeChatFloatBall.app */ = {isa = PBXFileReference; explicitFileType = wrapper.application; includeInIndex = 0; path = WeChatFloatBall.app; sourceTree = BUILT_PRODUCTS_DIR; };
		223F2F4B213D8B0300C4973D /* AppDelegate.h */ = {isa = PBXFileReference; lastKnownFileType = sourcecode.c.h; path = AppDelegate.h; sourceTree = "<group>"; };
		223F2F4C213D8B0300C4973D /* AppDelegate.m */ = {isa = PBXFileReference; lastKnownFileType = sourcecode.c.objc; path = AppDelegate.m; sourceTree = "<group>"; };
		223F2F4E213D8B0300C4973D /* ViewController.h */ = {isa = PBXFileReference; lastKnownFileType = sourcecode.c.h; path = ViewController.h; sourceTree = "<group>"; };
		223F2F4F213D8B0300C4973D /* ViewController.m */ = {isa = PBXFileReference; lastKnownFileType = sourcecode.c.objc; path = ViewController.m; sourceTree = "<group>"; };
		223F2F52213D8B0300C4973D /* Base */ = {isa = PBXFileReference; lastKnownFileType = file.storyboard; name = Base; path = Base.lproj/Main.storyboard; sourceTree = "<group>"; };
		223F2F54213D8B0600C4973D /* Assets.xcassets */ = {isa = PBXFileReference; lastKnownFileType = folder.assetcatalog; path = Assets.xcassets; sourceTree = "<group>"; };
		223F2F57213D8B0600C4973D /* Base */ = {isa = PBXFileReference; lastKnownFileType = file.storyboard; name = Base; path = Base.lproj/LaunchScreen.storyboard; sourceTree = "<group>"; };
		223F2F59213D8B0600C4973D /* Info.plist */ = {isa = PBXFileReference; lastKnownFileType = text.plist.xml; path = Info.plist; sourceTree = "<group>"; };
		223F2F5A213D8B0600C4973D /* main.m */ = {isa = PBXFileReference; lastKnownFileType = sourcecode.c.objc; path = main.m; sourceTree = "<group>"; };
/* End PBXFileReference section */

/* Begin PBXFrameworksBuildPhase section */
		223F2F45213D8B0300C4973D /* Frameworks */ = {
			isa = PBXFrameworksBuildPhase;
			buildActionMask = 2147483647;
			files = (
			);
			runOnlyForDeploymentPostprocessing = 0;
		};
/* End PBXFrameworksBuildPhase section */

/* Begin PBXGroup section */
		223F2F3F213D8B0300C4973D = {
			isa = PBXGroup;
			children = (
				223F2F4A213D8B0300C4973D /* WeChatFloatBall */,
				223F2F49213D8B0300C4973D /* Products */,
			);
			sourceTree = "<group>";
		};
		223F2F49213D8B0300C4973D /* Products */ = {
			isa = PBXGroup;
			children = (
				223F2F48213D8B0300C4973D /* WeChatFloatBall.app */,
			);
			name = Products;
			sourceTree = "<group>";
		};
		223F2F4A213D8B0300C4973D /* WeChatFloatBall */ = {
			isa = PBXGroup;
			children = (
				223F2F4B213D8B0300C4973D /* AppDelegate.h */,
				223F2F4C213D8B0300C4973D /* AppDelegate.m */,
				223F2F4E213D8B0300C4973D /* ViewController.h */,
				223F2F4F213D8B0300C4973D /* ViewController.m */,
				223F2F51213D8B0300C4973D /* Main.storyboard */,
				223F2F54213D8B0600C4973D /* Assets.xcassets */,
				223F2F56213D8B0600C4973D /* LaunchScreen.storyboard */,
				223F2F59213D8B0600C4973D /* Info.plist */,
				223F2F5A213D8B0600C4973D /* main.m */,
			);
			path = WeChatFloatBall;
			sourceTree = "<group>";
		};
/* End PBXGroup section */

/* Begin PBXNativeTarget section */
		223F2F47213D8B0300C4973D /* WeChatFloatBall */ = {
			isa = PBXNativeTarget;
			buildConfigurationList = 223F2F5E213D8B0600C4973D /* Build configuration list for PBXNativeTarget "WeChatFloatBall" */;
			buildPhases = (
				223F2F44213D8B0300C4973D /* Sources */,
				223F2F45213D8B0300C4973D /* Frameworks */,
				223F2F46213D8B0300C4973D /* Resources */,
			);
			buildRules = (
			);
			dependencies = (
			);
			name = WeChatFloatBall;
			productName = WeChatFloatBall;
			productReference = 223F2F48213D8B0300C4973D /* WeChatFloatBall.app */;
			productType = "com.apple.product-type.application";
		};
/* End PBXNativeTarget section */

/* Begin PBXProject section */
		223F2F40213D8B0300C4973D /* Project object */ = {
			isa = PBXProject;
			attributes = {
				LastUpgradeCheck = 0940;
				ORGANIZATIONNAME = TIM;
				TargetAttributes = {
					223F2F47213D8B0300C4973D = {
						CreatedOnToolsVersion = 9.4.1;
					};
				};
			};
			buildConfigurationList = 223F2F43213D8B0300C4973D /* Build configuration list for PBXProject "WeChatFloatBall" */;
			compatibilityVersion = "Xcode 9.3";
			developmentRegion = en;
			hasScannedForEncodings = 0;
			knownRegions = (
				en,
				Base,
			);
			mainGroup = 223F2F3F213D8B0300C4973D;
			productRefGroup = 223F2F49213D8B0300C4973D /* Products */;
			projectDirPath = "";
			projectRoot = "";
			targets = (
				223F2F47213D8B0300C4973D /* WeChatFloatBall */,
			);
		};
/* End PBXProject section */

/* Begin PBXResourcesBuildPhase section */
		223F2F46213D8B0300C4973D /* Resources */ = {
			isa = PBXResourcesBuildPhase;
			buildActionMask = 2147483647;
			files = (
				223F2F58213D8B0600C4973D /* LaunchScreen.storyboard in Resources */,
				223F2F55213D8B0600C4973D /* Assets.xcassets in Resources */,
				223F2F53213D8B0300C4973D /* Main.storyboard in Resources */,
			);
			runOnlyForDeploymentPostprocessing = 0;
		};
/* End PBXResourcesBuildPhase section */

/* Begin PBXSourcesBuildPhase section */
		223F2F44213D8B0300C4973D /* Sources */ = {
			isa = PBXSourcesBuildPhase;
			buildActionMask = 2147483647;
			files = (
				223F2F50213D8B0300C4973D /* ViewController.m in Sources */,
				223F2F5B213D8B0600C4973D /* main.m in Sources */,
				223F2F4D213D8B0300C4973D /* AppDelegate.m in Sources */,
			);
			runOnlyForDeploymentPostprocessing = 0;
		};
/* End PBXSourcesBuildPhase section */

/* Begin PBXVariantGroup section */
		223F2F51213D8B0300C4973D /* Main.storyboard */ = {
			isa = PBXVariantGroup;
			children = (
				223F2F52213D8B0300C4973D /* Base */,
			);
			name = Main.storyboard;
			sourceTree = "<group>";
		};
		223F2F56213D8B0600C4973D /* LaunchScreen.storyboard */ = {
			isa = PBXVariantGroup;
			children = (
				223F2F57213D8B0600C4973D /* Base */,
			);
			name = LaunchScreen.storyboard;
			sourceTree = "<group>";
		};
/* End PBXVariantGroup section */

/* Begin XCBuildConfiguration section */
		223F2F5C213D8B0600C4973D /* Debug */ = {
			isa = XCBuildConfiguration;
			buildSettings = {
				ALWAYS_SEARCH_USER_PATHS = NO;
				CLANG_ANALYZER_NONNULL = YES;
				CLANG_ANALYZER_NUMBER_OBJECT_CONVERSION = YES_AGGRESSIVE;
				CLANG_CXX_LANGUAGE_STANDARD = "gnu++14";
				CLANG_CXX_LIBRARY = "libc++";
				CLANG_ENABLE_MODULES = YES;
				CLANG_ENABLE_OBJC_ARC = YES;
				CLANG_ENABLE_OBJC_WEAK = YES;
				CLANG_WARN_BLOCK_CAPTURE_AUTORELEASING = YES;
				CLANG_WARN_BOOL_CONVERSION = YES;
				CLANG_WARN_COMMA = YES;
				CLANG_WARN_CONSTANT_CONVERSION = YES;
				CLANG_WARN_DEPRECATED_OBJC_IMPLEMENTATIONS = YES;
				CLANG_WARN_DIRECT_OBJC_ISA_USAGE = YES_ERROR;
				CLANG_WARN_DOCUMENTATION_COMMENTS = YES;
				CLANG_WARN_EMPTY_BODY = YES;
				CLANG_WARN_ENUM_CONVERSION = YES;
				CLANG_WARN_INFINITE_RECURSION = YES;
				CLANG_WARN_INT_CONVERSION = YES;
				CLANG_WARN_NON_LITERAL_NULL_CONVERSION = YES;
				CLANG_WARN_OBJC_IMPLICIT_RETAIN_SELF = YES;
				CLANG_WARN_OBJC_LITERAL_CONVERSION = YES;
				CLANG_WARN_OBJC_ROOT_CLASS = YES_ERROR;
				CLANG_WARN_RANGE_LOOP_ANALYSIS = YES;
				CLANG_WARN_STRICT_PROTOTYPES = YES;
				CLANG_WARN_SUSPICIOUS_MOVE = YES;
				CLANG_WARN_UNGUARDED_AVAILABILITY = YES_AGGRESSIVE;
				CLANG_WARN_UNREACHABLE_CODE = YES;
				CLANG_WARN__DUPLICATE_METHOD_MATCH = YES;
				CODE_SIGN_IDENTITY = "iPhone Developer";
				COPY_PHASE_STRIP = NO;
				DEBUG_INFORMATION_FORMAT = dwarf;
				ENABLE_STRICT_OBJC_MSGSEND = YES;
				ENABLE_TESTABILITY = YES;
				GCC_C_LANGUAGE_STANDARD = gnu11;
				GCC_DYNAMIC_NO_PIC = NO;
				GCC_NO_COMMON_BLOCKS = YES;
				GCC_OPTIMIZATION_LEVEL = 0;
				GCC_PREPROCESSOR_DEFINITIONS = (
					"DEBUG=1",
					"$(inherited)",
				);
				GCC_WARN_64_TO_32_BIT_CONVERSION = YES;
				GCC_WARN_ABOUT_RETURN_TYPE = YES_ERROR;
				GCC_WARN_UNDECLARED_SELECTOR = YES;
				GCC_WARN_UNINITIALIZED_AUTOS = YES_AGGRESSIVE;
				GCC_WARN_UNUSED_FUNCTION = YES;
				GCC_WARN_UNUSED_VARIABLE = YES;
				IPHONEOS_DEPLOYMENT_TARGET = 11.4;
				MTL_ENABLE_DEBUG_INFO = YES;
				ONLY_ACTIVE_ARCH = YES;
				SDKROOT = iphoneos;
			};
			name = Debug;
		};
		223F2F5D213D8B0600C4973D /* Release */ = {
			isa = XCBuildConfiguration;
			buildSettings = {
				ALWAYS_SEARCH_USER_PATHS = NO;
				CLANG_ANALYZER_NONNULL = YES;
				CLANG_ANALYZER_NUMBER_OBJECT_CONVERSION = YES_AGGRESSIVE;
				CLANG_CXX_LANGUAGE_STANDARD = "gnu++14";
				CLANG_CXX_LIBRARY = "libc++";
				CLANG_ENABLE_MODULES = YES;
				CLANG_ENABLE_OBJC_ARC = YES;
				CLANG_ENABLE_OBJC_WEAK = YES;
				CLANG_WARN_BLOCK_CAPTURE_AUTORELEASING = YES;
				CLANG_WARN_BOOL_CONVERSION = YES;
				CLANG_WARN_COMMA = YES;
				CLANG_WARN_CONSTANT_CONVERSION = YES;
				CLANG_WARN_DEPRECATED_OBJC_IMPLEMENTATIONS = YES;
				CLANG_WARN_DIRECT_OBJC_ISA_USAGE = YES_ERROR;
				CLANG_WARN_DOCUMENTATION_COMMENTS = YES;
				CLANG_WARN_EMPTY_BODY = YES;
				CLANG_WARN_ENUM_CONVERSION = YES;
				CLANG_WARN_INFINITE_RECURSION = YES;
				CLANG_WARN_INT_CONVERSION = YES;
				CLANG_WARN_NON_LITERAL_NULL_CONVERSION = YES;
				CLANG_WARN_OBJC_IMPLICIT_RETAIN_SELF = YES;
				CLANG_WARN_OBJC_LITERAL_CONVERSION = YES;
				CLANG_WARN_OBJC_ROOT_CLASS = YES_ERROR;
				CLANG_WARN_RANGE_LOOP_ANALYSIS = YES;
				CLANG_WARN_STRICT_PROTOTYPES = YES;
				CLANG_WARN_SUSPICIOUS_MOVE = YES;
				CLANG_WARN_UNGUARDED_AVAILABILITY = YES_AGGRESSIVE;
				CLANG_WARN_UNREACHABLE_CODE = YES;
				CLANG_WARN__DUPLICATE_METHOD_MATCH = YES;
				CODE_SIGN_IDENTITY = "iPhone Developer";
				COPY_PHASE_STRIP = NO;
				DEBUG_INFORMATION_FORMAT = "dwarf-with-dsym";
				ENABLE_NS_ASSERTIONS = NO;
				ENABLE_STRICT_OBJC_MSGSEND = YES;
				GCC_C_LANGUAGE_STANDARD = gnu11;
				GCC_NO_COMMON_BLOCKS = YES;
				GCC_WARN_64_TO_32_BIT_CONVERSION = YES;
				GCC_WARN_ABOUT_RETURN_TYPE = YES_ERROR;
				GCC_WARN_UNDECLARED_SELECTOR = YES;
				GCC_WARN_UNINITIALIZED_AUTOS = YES_AGGRESSIVE;
				GCC_WARN_UNUSED_FUNCTION = YES;
				GCC_WARN_UNUSED_VARIABLE = YES;
				IPHONEOS_DEPLOYMENT_TARGET = 11.4;
				MTL_ENABLE_DEBUG_INFO = NO;
				SDKROOT = iphoneos;
				VALIDATE_PRODUCT = YES;
			};
			name = Release;
		};
		223F2F5F213D8B0600C4973D /* Debug */ = {
			isa = XCBuildConfiguration;
			buildSettings = {
				ASSETCATALOG_COMPILER_APPICON_NAME = AppIcon;
				CODE_SIGN_STYLE = Automatic;
				DEVELOPMENT_TEAM = QCTFNMNKBD;
				INFOPLIST_FILE = WeChatFloatBall/Info.plist;
				LD_RUNPATH_SEARCH_PATHS = (
					"$(inherited)",
					"@executable_path/Frameworks",
				);
				PRODUCT_BUNDLE_IDENTIFIER = com.tim.WeChatFloatBall;
				PRODUCT_NAME = "$(TARGET_NAME)";
				TARGETED_DEVICE_FAMILY = "1,2";
			};
			name = Debug;
		};
		223F2F60213D8B0600C4973D /* Release */ = {
			isa = XCBuildConfiguration;
			buildSettings = {
				ASSETCATALOG_COMPILER_APPICON_NAME = AppIcon;
				CODE_SIGN_STYLE = Automatic;
				DEVELOPMENT_TEAM = QCTFNMNKBD;
				INFOPLIST_FILE = WeChatFloatBall/Info.plist;
				LD_RUNPATH_SEARCH_PATHS = (
					"$(inherited)",
					"@executable_path/Frameworks",
				);
				PRODUCT_BUNDLE_IDENTIFIER = com.tim.WeChatFloatBall;
				PRODUCT_NAME = "$(TARGET_NAME)";
				TARGETED_DEVICE_FAMILY = "1,2";
			};
			name = Release;
		};
/* End XCBuildConfiguration section */

/* Begin XCConfigurationList section */
		223F2F43213D8B0300C4973D /* Build configuration list for PBXProject "WeChatFloatBall" */ = {
			isa = XCConfigurationList;
			buildConfigurations = (
				223F2F5C213D8B0600C4973D /* Debug */,
				223F2F5D213D8B0600C4973D /* Release */,
			);
			defaultConfigurationIsVisible = 0;
			defaultConfigurationName = Release;
		};
		223F2F5E213D8B0600C4973D /* Build configuration list for PBXNativeTarget "WeChatFloatBall" */ = {
			isa = XCConfigurationList;
			buildConfigurations = (
				223F2F5F213D8B0600C4973D /* Debug */,
				223F2F60213D8B0600C4973D /* Release */,
			);
			defaultConfigurationIsVisible = 0;
			defaultConfigurationName = Release;
		};
/* End XCConfigurationList section */
	};
	rootObject = 223F2F40213D8B0300C4973D /* Project object */;
}
